// !$*UTF8*$!
{
	archiveVersion = 1;
	classes = {
	};
	objectVersion = 56;
	objects = {

/* Begin PBXBuildFile section */
		BB0EB4652BA5AE66008279C4 /* TranquilityApp.swift in Sources */ = {isa = PBXBuildFile; fileRef = BB0EB4642BA5AE66008279C4 /* TranquilityApp.swift */; };
		BB0EB4672BA5AE66008279C4 /* HomeScreen.swift in Sources */ = {isa = PBXBuildFile; fileRef = BB0EB4662BA5AE66008279C4 /* HomeScreen.swift */; };
		BB0EB4692BA5AE67008279C4 /* Assets.xcassets in Resources */ = {isa = PBXBuildFile; fileRef = BB0EB4682BA5AE67008279C4 /* Assets.xcassets */; };
		BB0EB46C2BA5AE67008279C4 /* Preview Assets.xcassets in Resources */ = {isa = PBXBuildFile; fileRef = BB0EB46B2BA5AE67008279C4 /* Preview Assets.xcassets */; };
		BB0EB4762BA5AE67008279C4 /* TranquilityTests.swift in Sources */ = {isa = PBXBuildFile; fileRef = BB0EB4752BA5AE67008279C4 /* TranquilityTests.swift */; };
		BB0EB4802BA5AE67008279C4 /* TranquilityUITests.swift in Sources */ = {isa = PBXBuildFile; fileRef = BB0EB47F2BA5AE67008279C4 /* TranquilityUITests.swift */; };
		BB0EB4822BA5AE67008279C4 /* TranquilityUITestsLaunchTests.swift in Sources */ = {isa = PBXBuildFile; fileRef = BB0EB4812BA5AE67008279C4 /* TranquilityUITestsLaunchTests.swift */; };
		BB0EB48F2BA61082008279C4 /* ExpenseBuddy.swift in Sources */ = {isa = PBXBuildFile; fileRef = BB0EB48E2BA61082008279C4 /* ExpenseBuddy.swift */; };
		BB0EB4912BA610CE008279C4 /* Buddy.swift in Sources */ = {isa = PBXBuildFile; fileRef = BB0EB4902BA610CE008279C4 /* Buddy.swift */; };
		BB0EB4932BA615C8008279C4 /* ExpenseBuddiesGrid.swift in Sources */ = {isa = PBXBuildFile; fileRef = BB0EB4922BA615C8008279C4 /* ExpenseBuddiesGrid.swift */; };
		BB0EB4952BA61DAB008279C4 /* Balance.swift in Sources */ = {isa = PBXBuildFile; fileRef = BB0EB4942BA61DAB008279C4 /* Balance.swift */; };
		BB0EB4972BA6268C008279C4 /* ParticipantAvatar.swift in Sources */ = {isa = PBXBuildFile; fileRef = BB0EB4962BA6268C008279C4 /* ParticipantAvatar.swift */; };
		BB0EB4992BA6277A008279C4 /* Participant.swift in Sources */ = {isa = PBXBuildFile; fileRef = BB0EB4982BA6277A008279C4 /* Participant.swift */; };
		BB6AA35F2BA70025007BDEED /* GoogleService-Info.plist in Resources */ = {isa = PBXBuildFile; fileRef = BB6AA35E2BA70025007BDEED /* GoogleService-Info.plist */; };
		BB6AA3622BA7035D007BDEED /* FirebaseAnalytics in Frameworks */ = {isa = PBXBuildFile; productRef = BB6AA3612BA7035D007BDEED /* FirebaseAnalytics */; };
		BB6AA3642BA7035D007BDEED /* FirebaseAnalyticsSwift in Frameworks */ = {isa = PBXBuildFile; productRef = BB6AA3632BA7035D007BDEED /* FirebaseAnalyticsSwift */; };
		BB6AA3662BA7035D007BDEED /* FirebaseAppCheck in Frameworks */ = {isa = PBXBuildFile; productRef = BB6AA3652BA7035D007BDEED /* FirebaseAppCheck */; };
		BB6AA3682BA7035D007BDEED /* FirebaseAuth in Frameworks */ = {isa = PBXBuildFile; productRef = BB6AA3672BA7035D007BDEED /* FirebaseAuth */; };
		BB6AA36A2BA7035D007BDEED /* FirebaseDatabase in Frameworks */ = {isa = PBXBuildFile; productRef = BB6AA3692BA7035D007BDEED /* FirebaseDatabase */; };
		BB6AA36C2BA7035D007BDEED /* FirebaseDatabaseSwift in Frameworks */ = {isa = PBXBuildFile; productRef = BB6AA36B2BA7035D007BDEED /* FirebaseDatabaseSwift */; };
		BB6AA36E2BA70634007BDEED /* AuthenticationView.swift in Sources */ = {isa = PBXBuildFile; fileRef = BB6AA36D2BA70634007BDEED /* AuthenticationView.swift */; };
		BB6AA3702BA70798007BDEED /* SignInWithAppleButtonView.swift in Sources */ = {isa = PBXBuildFile; fileRef = BB6AA36F2BA70798007BDEED /* SignInWithAppleButtonView.swift */; };
		BB6AA3742BA70B5E007BDEED /* AuthenticationManagerAuthManager.swift in Sources */ = {isa = PBXBuildFile; fileRef = BB6AA3732BA70B5E007BDEED /* AuthenticationManagerAuthManager.swift */; };
		BB6AA3762BA72575007BDEED /* RootView.swift in Sources */ = {isa = PBXBuildFile; fileRef = BB6AA3752BA72575007BDEED /* RootView.swift */; };
		BB6AA3792BA75105007BDEED /* UIViewController+EXT.swift in Sources */ = {isa = PBXBuildFile; fileRef = BB6AA3782BA75105007BDEED /* UIViewController+EXT.swift */; };
		BB6AA37B2BA7515F007BDEED /* UIApplication+EXT.swift in Sources */ = {isa = PBXBuildFile; fileRef = BB6AA37A2BA7515F007BDEED /* UIApplication+EXT.swift */; };
		BB6AA37E2BA751D6007BDEED /* Authentication.swift in Sources */ = {isa = PBXBuildFile; fileRef = BB6AA37D2BA751D6007BDEED /* Authentication.swift */; };
/* End PBXBuildFile section */

/* Begin PBXContainerItemProxy section */
		BB0EB4722BA5AE67008279C4 /* PBXContainerItemProxy */ = {
			isa = PBXContainerItemProxy;
			containerPortal = BB0EB4592BA5AE66008279C4 /* Project object */;
			proxyType = 1;
			remoteGlobalIDString = BB0EB4602BA5AE66008279C4;
			remoteInfo = Tranquility;
		};
		BB0EB47C2BA5AE67008279C4 /* PBXContainerItemProxy */ = {
			isa = PBXContainerItemProxy;
			containerPortal = BB0EB4592BA5AE66008279C4 /* Project object */;
			proxyType = 1;
			remoteGlobalIDString = BB0EB4602BA5AE66008279C4;
			remoteInfo = Tranquility;
		};
/* End PBXContainerItemProxy section */

/* Begin PBXFileReference section */
		BB0EB4612BA5AE66008279C4 /* Tranquility.app */ = {isa = PBXFileReference; explicitFileType = wrapper.application; includeInIndex = 0; path = Tranquility.app; sourceTree = BUILT_PRODUCTS_DIR; };
		BB0EB4642BA5AE66008279C4 /* TranquilityApp.swift */ = {isa = PBXFileReference; lastKnownFileType = sourcecode.swift; path = TranquilityApp.swift; sourceTree = "<group>"; };
		BB0EB4662BA5AE66008279C4 /* HomeScreen.swift */ = {isa = PBXFileReference; lastKnownFileType = sourcecode.swift; path = HomeScreen.swift; sourceTree = "<group>"; };
		BB0EB4682BA5AE67008279C4 /* Assets.xcassets */ = {isa = PBXFileReference; lastKnownFileType = folder.assetcatalog; path = Assets.xcassets; sourceTree = "<group>"; };
		BB0EB46B2BA5AE67008279C4 /* Preview Assets.xcassets */ = {isa = PBXFileReference; lastKnownFileType = folder.assetcatalog; path = "Preview Assets.xcassets"; sourceTree = "<group>"; };
		BB0EB4712BA5AE67008279C4 /* TranquilityTests.xctest */ = {isa = PBXFileReference; explicitFileType = wrapper.cfbundle; includeInIndex = 0; path = TranquilityTests.xctest; sourceTree = BUILT_PRODUCTS_DIR; };
		BB0EB4752BA5AE67008279C4 /* TranquilityTests.swift */ = {isa = PBXFileReference; lastKnownFileType = sourcecode.swift; path = TranquilityTests.swift; sourceTree = "<group>"; };
		BB0EB47B2BA5AE67008279C4 /* TranquilityUITests.xctest */ = {isa = PBXFileReference; explicitFileType = wrapper.cfbundle; includeInIndex = 0; path = TranquilityUITests.xctest; sourceTree = BUILT_PRODUCTS_DIR; };
		BB0EB47F2BA5AE67008279C4 /* TranquilityUITests.swift */ = {isa = PBXFileReference; lastKnownFileType = sourcecode.swift; path = TranquilityUITests.swift; sourceTree = "<group>"; };
		BB0EB4812BA5AE67008279C4 /* TranquilityUITestsLaunchTests.swift */ = {isa = PBXFileReference; lastKnownFileType = sourcecode.swift; path = TranquilityUITestsLaunchTests.swift; sourceTree = "<group>"; };
		BB0EB48E2BA61082008279C4 /* ExpenseBuddy.swift */ = {isa = PBXFileReference; lastKnownFileType = sourcecode.swift; path = ExpenseBuddy.swift; sourceTree = "<group>"; };
		BB0EB4902BA610CE008279C4 /* Buddy.swift */ = {isa = PBXFileReference; lastKnownFileType = sourcecode.swift; path = Buddy.swift; sourceTree = "<group>"; };
		BB0EB4922BA615C8008279C4 /* ExpenseBuddiesGrid.swift */ = {isa = PBXFileReference; lastKnownFileType = sourcecode.swift; path = ExpenseBuddiesGrid.swift; sourceTree = "<group>"; };
		BB0EB4942BA61DAB008279C4 /* Balance.swift */ = {isa = PBXFileReference; lastKnownFileType = sourcecode.swift; path = Balance.swift; sourceTree = "<group>"; };
		BB0EB4962BA6268C008279C4 /* ParticipantAvatar.swift */ = {isa = PBXFileReference; lastKnownFileType = sourcecode.swift; path = ParticipantAvatar.swift; sourceTree = "<group>"; };
		BB0EB4982BA6277A008279C4 /* Participant.swift */ = {isa = PBXFileReference; lastKnownFileType = sourcecode.swift; path = Participant.swift; sourceTree = "<group>"; };
		BB6AA35E2BA70025007BDEED /* GoogleService-Info.plist */ = {isa = PBXFileReference; fileEncoding = 4; lastKnownFileType = text.plist.xml; path = "GoogleService-Info.plist"; sourceTree = "<group>"; };
		BB6AA36D2BA70634007BDEED /* AuthenticationView.swift */ = {isa = PBXFileReference; lastKnownFileType = sourcecode.swift; path = AuthenticationView.swift; sourceTree = "<group>"; };
		BB6AA36F2BA70798007BDEED /* SignInWithAppleButtonView.swift */ = {isa = PBXFileReference; lastKnownFileType = sourcecode.swift; path = SignInWithAppleButtonView.swift; sourceTree = "<group>"; };
		BB6AA3732BA70B5E007BDEED /* AuthenticationManagerAuthManager.swift */ = {isa = PBXFileReference; lastKnownFileType = sourcecode.swift; path = AuthenticationManagerAuthManager.swift; sourceTree = "<group>"; };
		BB6AA3752BA72575007BDEED /* RootView.swift */ = {isa = PBXFileReference; lastKnownFileType = sourcecode.swift; path = RootView.swift; sourceTree = "<group>"; };
		BB6AA3782BA75105007BDEED /* UIViewController+EXT.swift */ = {isa = PBXFileReference; lastKnownFileType = sourcecode.swift; path = "UIViewController+EXT.swift"; sourceTree = "<group>"; };
		BB6AA37A2BA7515F007BDEED /* UIApplication+EXT.swift */ = {isa = PBXFileReference; lastKnownFileType = sourcecode.swift; path = "UIApplication+EXT.swift"; sourceTree = "<group>"; };
		BB6AA37D2BA751D6007BDEED /* Authentication.swift */ = {isa = PBXFileReference; lastKnownFileType = sourcecode.swift; path = Authentication.swift; sourceTree = "<group>"; };
/* End PBXFileReference section */

/* Begin PBXFrameworksBuildPhase section */
		BB0EB45E2BA5AE66008279C4 /* Frameworks */ = {
			isa = PBXFrameworksBuildPhase;
			buildActionMask = 2147483647;
			files = (
				BB6AA36C2BA7035D007BDEED /* FirebaseDatabaseSwift in Frameworks */,
				BB6AA36A2BA7035D007BDEED /* FirebaseDatabase in Frameworks */,
				BB6AA3642BA7035D007BDEED /* FirebaseAnalyticsSwift in Frameworks */,
				BB6AA3662BA7035D007BDEED /* FirebaseAppCheck in Frameworks */,
				BB6AA3622BA7035D007BDEED /* FirebaseAnalytics in Frameworks */,
				BB6AA3682BA7035D007BDEED /* FirebaseAuth in Frameworks */,
			);
			runOnlyForDeploymentPostprocessing = 0;
		};
		BB0EB46E2BA5AE67008279C4 /* Frameworks */ = {
			isa = PBXFrameworksBuildPhase;
			buildActionMask = 2147483647;
			files = (
			);
			runOnlyForDeploymentPostprocessing = 0;
		};
		BB0EB4782BA5AE67008279C4 /* Frameworks */ = {
			isa = PBXFrameworksBuildPhase;
			buildActionMask = 2147483647;
			files = (
			);
			runOnlyForDeploymentPostprocessing = 0;
		};
/* End PBXFrameworksBuildPhase section */

/* Begin PBXGroup section */
		BB0EB4582BA5AE66008279C4 = {
			isa = PBXGroup;
			children = (
				BB0EB4632BA5AE66008279C4 /* Tranquility */,
				BB0EB4742BA5AE67008279C4 /* TranquilityTests */,
				BB0EB47E2BA5AE67008279C4 /* TranquilityUITests */,
				BB0EB4622BA5AE66008279C4 /* Products */,
			);
			sourceTree = "<group>";
		};
		BB0EB4622BA5AE66008279C4 /* Products */ = {
			isa = PBXGroup;
			children = (
				BB0EB4612BA5AE66008279C4 /* Tranquility.app */,
				BB0EB4712BA5AE67008279C4 /* TranquilityTests.xctest */,
				BB0EB47B2BA5AE67008279C4 /* TranquilityUITests.xctest */,
			);
			name = Products;
			sourceTree = "<group>";
		};
		BB0EB4632BA5AE66008279C4 /* Tranquility */ = {
			isa = PBXGroup;
			children = (
				BB6AA37C2BA751CA007BDEED /* Helpers */,
				BB6AA3772BA750CA007BDEED /* Extensions */,
				BB6AA3722BA70B32007BDEED /* Authentication */,
				BB6CB2FE2BA658FE007E01A0 /* Home */,
				BB6CB2FD2BA658CE007E01A0 /* Models */,
				BB6CB2FC2BA658AE007E01A0 /* Components */,
				BB0EB4642BA5AE66008279C4 /* TranquilityApp.swift */,
				BB0EB4682BA5AE67008279C4 /* Assets.xcassets */,
				BB0EB46A2BA5AE67008279C4 /* Preview Content */,
			);
			path = Tranquility;
			sourceTree = "<group>";
		};
		BB0EB46A2BA5AE67008279C4 /* Preview Content */ = {
			isa = PBXGroup;
			children = (
				BB0EB46B2BA5AE67008279C4 /* Preview Assets.xcassets */,
			);
			path = "Preview Content";
			sourceTree = "<group>";
		};
		BB0EB4742BA5AE67008279C4 /* TranquilityTests */ = {
			isa = PBXGroup;
			children = (
				BB0EB4752BA5AE67008279C4 /* TranquilityTests.swift */,
			);
			path = TranquilityTests;
			sourceTree = "<group>";
		};
		BB0EB47E2BA5AE67008279C4 /* TranquilityUITests */ = {
			isa = PBXGroup;
			children = (
				BB0EB47F2BA5AE67008279C4 /* TranquilityUITests.swift */,
				BB0EB4812BA5AE67008279C4 /* TranquilityUITestsLaunchTests.swift */,
				BB6AA35E2BA70025007BDEED /* GoogleService-Info.plist */,
			);
			path = TranquilityUITests;
			sourceTree = "<group>";
		};
		BB6AA3722BA70B32007BDEED /* Authentication */ = {
			isa = PBXGroup;
			children = (
				BB6AA36D2BA70634007BDEED /* AuthenticationView.swift */,
				BB6AA36F2BA70798007BDEED /* SignInWithAppleButtonView.swift */,
				BB6AA3732BA70B5E007BDEED /* AuthenticationManagerAuthManager.swift */,
				BB6AA3752BA72575007BDEED /* RootView.swift */,
			);
			path = Authentication;
			sourceTree = "<group>";
		};
		BB6AA3772BA750CA007BDEED /* Extensions */ = {
			isa = PBXGroup;
			children = (
				BB6AA3782BA75105007BDEED /* UIViewController+EXT.swift */,
				BB6AA37A2BA7515F007BDEED /* UIApplication+EXT.swift */,
			);
			path = Extensions;
			sourceTree = "<group>";
		};
		BB6AA37C2BA751CA007BDEED /* Helpers */ = {
			isa = PBXGroup;
			children = (
				BB6AA37D2BA751D6007BDEED /* Authentication.swift */,
			);
			path = Helpers;
			sourceTree = "<group>";
		};
		BB6CB2FC2BA658AE007E01A0 /* Components */ = {
			isa = PBXGroup;
			children = (
				BB0EB4962BA6268C008279C4 /* ParticipantAvatar.swift */,
				BB0EB48E2BA61082008279C4 /* ExpenseBuddy.swift */,
				BB0EB4922BA615C8008279C4 /* ExpenseBuddiesGrid.swift */,
			);
			path = Components;
			sourceTree = "<group>";
		};
		BB6CB2FD2BA658CE007E01A0 /* Models */ = {
			isa = PBXGroup;
			children = (
				BB0EB4942BA61DAB008279C4 /* Balance.swift */,
				BB0EB4902BA610CE008279C4 /* Buddy.swift */,
				BB0EB4982BA6277A008279C4 /* Participant.swift */,
			);
			path = Models;
			sourceTree = "<group>";
		};
		BB6CB2FE2BA658FE007E01A0 /* Home */ = {
			isa = PBXGroup;
			children = (
				BB0EB4662BA5AE66008279C4 /* HomeScreen.swift */,
			);
			path = Home;
			sourceTree = "<group>";
		};
/* End PBXGroup section */

/* Begin PBXNativeTarget section */
		BB0EB4602BA5AE66008279C4 /* Tranquility */ = {
			isa = PBXNativeTarget;
			buildConfigurationList = BB0EB4852BA5AE67008279C4 /* Build configuration list for PBXNativeTarget "Tranquility" */;
			buildPhases = (
				BB0EB45D2BA5AE66008279C4 /* Sources */,
				BB0EB45E2BA5AE66008279C4 /* Frameworks */,
				BB0EB45F2BA5AE66008279C4 /* Resources */,
			);
			buildRules = (
			);
			dependencies = (
			);
			name = Tranquility;
			packageProductDependencies = (
				BB6AA3612BA7035D007BDEED /* FirebaseAnalytics */,
				BB6AA3632BA7035D007BDEED /* FirebaseAnalyticsSwift */,
				BB6AA3652BA7035D007BDEED /* FirebaseAppCheck */,
				BB6AA3672BA7035D007BDEED /* FirebaseAuth */,
				BB6AA3692BA7035D007BDEED /* FirebaseDatabase */,
				BB6AA36B2BA7035D007BDEED /* FirebaseDatabaseSwift */,
			);
			productName = Tranquility;
			productReference = BB0EB4612BA5AE66008279C4 /* Tranquility.app */;
			productType = "com.apple.product-type.application";
		};
		BB0EB4702BA5AE67008279C4 /* TranquilityTests */ = {
			isa = PBXNativeTarget;
			buildConfigurationList = BB0EB4882BA5AE67008279C4 /* Build configuration list for PBXNativeTarget "TranquilityTests" */;
			buildPhases = (
				BB0EB46D2BA5AE67008279C4 /* Sources */,
				BB0EB46E2BA5AE67008279C4 /* Frameworks */,
				BB0EB46F2BA5AE67008279C4 /* Resources */,
			);
			buildRules = (
			);
			dependencies = (
				BB0EB4732BA5AE67008279C4 /* PBXTargetDependency */,
			);
			name = TranquilityTests;
			productName = TranquilityTests;
			productReference = BB0EB4712BA5AE67008279C4 /* TranquilityTests.xctest */;
			productType = "com.apple.product-type.bundle.unit-test";
		};
		BB0EB47A2BA5AE67008279C4 /* TranquilityUITests */ = {
			isa = PBXNativeTarget;
			buildConfigurationList = BB0EB48B2BA5AE67008279C4 /* Build configuration list for PBXNativeTarget "TranquilityUITests" */;
			buildPhases = (
				BB0EB4772BA5AE67008279C4 /* Sources */,
				BB0EB4782BA5AE67008279C4 /* Frameworks */,
				BB0EB4792BA5AE67008279C4 /* Resources */,
			);
			buildRules = (
			);
			dependencies = (
				BB0EB47D2BA5AE67008279C4 /* PBXTargetDependency */,
			);
			name = TranquilityUITests;
			productName = TranquilityUITests;
			productReference = BB0EB47B2BA5AE67008279C4 /* TranquilityUITests.xctest */;
			productType = "com.apple.product-type.bundle.ui-testing";
		};
/* End PBXNativeTarget section */

/* Begin PBXProject section */
		BB0EB4592BA5AE66008279C4 /* Project object */ = {
			isa = PBXProject;
			attributes = {
				BuildIndependentTargetsInParallel = 1;
				LastSwiftUpdateCheck = 1520;
				LastUpgradeCheck = 1520;
				TargetAttributes = {
					BB0EB4602BA5AE66008279C4 = {
						CreatedOnToolsVersion = 15.2;
					};
					BB0EB4702BA5AE67008279C4 = {
						CreatedOnToolsVersion = 15.2;
						TestTargetID = BB0EB4602BA5AE66008279C4;
					};
					BB0EB47A2BA5AE67008279C4 = {
						CreatedOnToolsVersion = 15.2;
						TestTargetID = BB0EB4602BA5AE66008279C4;
					};
				};
			};
			buildConfigurationList = BB0EB45C2BA5AE66008279C4 /* Build configuration list for PBXProject "Tranquility" */;
			compatibilityVersion = "Xcode 14.0";
			developmentRegion = en;
			hasScannedForEncodings = 0;
			knownRegions = (
				en,
				Base,
			);
			mainGroup = BB0EB4582BA5AE66008279C4;
			packageReferences = (
				BB6AA3602BA7035D007BDEED /* XCRemoteSwiftPackageReference "firebase-ios-sdk" */,
			);
			productRefGroup = BB0EB4622BA5AE66008279C4 /* Products */;
			projectDirPath = "";
			projectRoot = "";
			targets = (
				BB0EB4602BA5AE66008279C4 /* Tranquility */,
				BB0EB4702BA5AE67008279C4 /* TranquilityTests */,
				BB0EB47A2BA5AE67008279C4 /* TranquilityUITests */,
			);
		};
/* End PBXProject section */

/* Begin PBXResourcesBuildPhase section */
		BB0EB45F2BA5AE66008279C4 /* Resources */ = {
			isa = PBXResourcesBuildPhase;
			buildActionMask = 2147483647;
			files = (
				BB6AA35F2BA70025007BDEED /* GoogleService-Info.plist in Resources */,
				BB0EB46C2BA5AE67008279C4 /* Preview Assets.xcassets in Resources */,
				BB0EB4692BA5AE67008279C4 /* Assets.xcassets in Resources */,
			);
			runOnlyForDeploymentPostprocessing = 0;
		};
		BB0EB46F2BA5AE67008279C4 /* Resources */ = {
			isa = PBXResourcesBuildPhase;
			buildActionMask = 2147483647;
			files = (
			);
			runOnlyForDeploymentPostprocessing = 0;
		};
		BB0EB4792BA5AE67008279C4 /* Resources */ = {
			isa = PBXResourcesBuildPhase;
			buildActionMask = 2147483647;
			files = (
			);
			runOnlyForDeploymentPostprocessing = 0;
		};
/* End PBXResourcesBuildPhase section */

/* Begin PBXSourcesBuildPhase section */
		BB0EB45D2BA5AE66008279C4 /* Sources */ = {
			isa = PBXSourcesBuildPhase;
			buildActionMask = 2147483647;
			files = (
				BB0EB4672BA5AE66008279C4 /* HomeScreen.swift in Sources */,
				BB0EB4652BA5AE66008279C4 /* TranquilityApp.swift in Sources */,
				BB6AA36E2BA70634007BDEED /* AuthenticationView.swift in Sources */,
				BB0EB4952BA61DAB008279C4 /* Balance.swift in Sources */,
				BB0EB4992BA6277A008279C4 /* Participant.swift in Sources */,
				BB0EB4972BA6268C008279C4 /* ParticipantAvatar.swift in Sources */,
				BB0EB4912BA610CE008279C4 /* Buddy.swift in Sources */,
				BB6AA3792BA75105007BDEED /* UIViewController+EXT.swift in Sources */,
				BB6AA37E2BA751D6007BDEED /* Authentication.swift in Sources */,
				BB6AA3702BA70798007BDEED /* SignInWithAppleButtonView.swift in Sources */,
				BB6AA3762BA72575007BDEED /* RootView.swift in Sources */,
				BB6AA3742BA70B5E007BDEED /* AuthenticationManagerAuthManager.swift in Sources */,
				BB0EB48F2BA61082008279C4 /* ExpenseBuddy.swift in Sources */,
				BB6AA37B2BA7515F007BDEED /* UIApplication+EXT.swift in Sources */,
				BB0EB4932BA615C8008279C4 /* ExpenseBuddiesGrid.swift in Sources */,
			);
			runOnlyForDeploymentPostprocessing = 0;
		};
		BB0EB46D2BA5AE67008279C4 /* Sources */ = {
			isa = PBXSourcesBuildPhase;
			buildActionMask = 2147483647;
			files = (
				BB0EB4762BA5AE67008279C4 /* TranquilityTests.swift in Sources */,
			);
			runOnlyForDeploymentPostprocessing = 0;
		};
		BB0EB4772BA5AE67008279C4 /* Sources */ = {
			isa = PBXSourcesBuildPhase;
			buildActionMask = 2147483647;
			files = (
				BB0EB4802BA5AE67008279C4 /* TranquilityUITests.swift in Sources */,
				BB0EB4822BA5AE67008279C4 /* TranquilityUITestsLaunchTests.swift in Sources */,
			);
			runOnlyForDeploymentPostprocessing = 0;
		};
/* End PBXSourcesBuildPhase section */

/* Begin PBXTargetDependency section */
		BB0EB4732BA5AE67008279C4 /* PBXTargetDependency */ = {
			isa = PBXTargetDependency;
			target = BB0EB4602BA5AE66008279C4 /* Tranquility */;
			targetProxy = BB0EB4722BA5AE67008279C4 /* PBXContainerItemProxy */;
		};
		BB0EB47D2BA5AE67008279C4 /* PBXTargetDependency */ = {
			isa = PBXTargetDependency;
			target = BB0EB4602BA5AE66008279C4 /* Tranquility */;
			targetProxy = BB0EB47C2BA5AE67008279C4 /* PBXContainerItemProxy */;
		};
/* End PBXTargetDependency section */

/* Begin XCBuildConfiguration section */
		BB0EB4832BA5AE67008279C4 /* Debug */ = {
			isa = XCBuildConfiguration;
			buildSettings = {
				ALWAYS_SEARCH_USER_PATHS = NO;
				ASSETCATALOG_COMPILER_GENERATE_SWIFT_ASSET_SYMBOL_EXTENSIONS = YES;
				CLANG_ANALYZER_NONNULL = YES;
				CLANG_ANALYZER_NUMBER_OBJECT_CONVERSION = YES_AGGRESSIVE;
				CLANG_CXX_LANGUAGE_STANDARD = "gnu++20";
				CLANG_ENABLE_MODULES = YES;
				CLANG_ENABLE_OBJC_ARC = YES;
				CLANG_ENABLE_OBJC_WEAK = YES;
				CLANG_WARN_BLOCK_CAPTURE_AUTORELEASING = YES;
				CLANG_WARN_BOOL_CONVERSION = YES;
				CLANG_WARN_COMMA = YES;
				CLANG_WARN_CONSTANT_CONVERSION = YES;
				CLANG_WARN_DEPRECATED_OBJC_IMPLEMENTATIONS = YES;
				CLANG_WARN_DIRECT_OBJC_ISA_USAGE = YES_ERROR;
				CLANG_WARN_DOCUMENTATION_COMMENTS = YES;
				CLANG_WARN_EMPTY_BODY = YES;
				CLANG_WARN_ENUM_CONVERSION = YES;
				CLANG_WARN_INFINITE_RECURSION = YES;
				CLANG_WARN_INT_CONVERSION = YES;
				CLANG_WARN_NON_LITERAL_NULL_CONVERSION = YES;
				CLANG_WARN_OBJC_IMPLICIT_RETAIN_SELF = YES;
				CLANG_WARN_OBJC_LITERAL_CONVERSION = YES;
				CLANG_WARN_OBJC_ROOT_CLASS = YES_ERROR;
				CLANG_WARN_QUOTED_INCLUDE_IN_FRAMEWORK_HEADER = YES;
				CLANG_WARN_RANGE_LOOP_ANALYSIS = YES;
				CLANG_WARN_STRICT_PROTOTYPES = YES;
				CLANG_WARN_SUSPICIOUS_MOVE = YES;
				CLANG_WARN_UNGUARDED_AVAILABILITY = YES_AGGRESSIVE;
				CLANG_WARN_UNREACHABLE_CODE = YES;
				CLANG_WARN__DUPLICATE_METHOD_MATCH = YES;
				COPY_PHASE_STRIP = NO;
				DEBUG_INFORMATION_FORMAT = dwarf;
				ENABLE_STRICT_OBJC_MSGSEND = YES;
				ENABLE_TESTABILITY = YES;
				ENABLE_USER_SCRIPT_SANDBOXING = YES;
				GCC_C_LANGUAGE_STANDARD = gnu17;
				GCC_DYNAMIC_NO_PIC = NO;
				GCC_NO_COMMON_BLOCKS = YES;
				GCC_OPTIMIZATION_LEVEL = 0;
				GCC_PREPROCESSOR_DEFINITIONS = (
					"DEBUG=1",
					"$(inherited)",
				);
				GCC_WARN_64_TO_32_BIT_CONVERSION = YES;
				GCC_WARN_ABOUT_RETURN_TYPE = YES_ERROR;
				GCC_WARN_UNDECLARED_SELECTOR = YES;
				GCC_WARN_UNINITIALIZED_AUTOS = YES_AGGRESSIVE;
				GCC_WARN_UNUSED_FUNCTION = YES;
				GCC_WARN_UNUSED_VARIABLE = YES;
				IPHONEOS_DEPLOYMENT_TARGET = 17.2;
				LOCALIZATION_PREFERS_STRING_CATALOGS = YES;
				MTL_ENABLE_DEBUG_INFO = INCLUDE_SOURCE;
				MTL_FAST_MATH = YES;
				ONLY_ACTIVE_ARCH = YES;
				SDKROOT = iphoneos;
				SWIFT_ACTIVE_COMPILATION_CONDITIONS = "DEBUG $(inherited)";
				SWIFT_OPTIMIZATION_LEVEL = "-Onone";
			};
			name = Debug;
		};
		BB0EB4842BA5AE67008279C4 /* Release */ = {
			isa = XCBuildConfiguration;
			buildSettings = {
				ALWAYS_SEARCH_USER_PATHS = NO;
				ASSETCATALOG_COMPILER_GENERATE_SWIFT_ASSET_SYMBOL_EXTENSIONS = YES;
				CLANG_ANALYZER_NONNULL = YES;
				CLANG_ANALYZER_NUMBER_OBJECT_CONVERSION = YES_AGGRESSIVE;
				CLANG_CXX_LANGUAGE_STANDARD = "gnu++20";
				CLANG_ENABLE_MODULES = YES;
				CLANG_ENABLE_OBJC_ARC = YES;
				CLANG_ENABLE_OBJC_WEAK = YES;
				CLANG_WARN_BLOCK_CAPTURE_AUTORELEASING = YES;
				CLANG_WARN_BOOL_CONVERSION = YES;
				CLANG_WARN_COMMA = YES;
				CLANG_WARN_CONSTANT_CONVERSION = YES;
				CLANG_WARN_DEPRECATED_OBJC_IMPLEMENTATIONS = YES;
				CLANG_WARN_DIRECT_OBJC_ISA_USAGE = YES_ERROR;
				CLANG_WARN_DOCUMENTATION_COMMENTS = YES;
				CLANG_WARN_EMPTY_BODY = YES;
				CLANG_WARN_ENUM_CONVERSION = YES;
				CLANG_WARN_INFINITE_RECURSION = YES;
				CLANG_WARN_INT_CONVERSION = YES;
				CLANG_WARN_NON_LITERAL_NULL_CONVERSION = YES;
				CLANG_WARN_OBJC_IMPLICIT_RETAIN_SELF = YES;
				CLANG_WARN_OBJC_LITERAL_CONVERSION = YES;
				CLANG_WARN_OBJC_ROOT_CLASS = YES_ERROR;
				CLANG_WARN_QUOTED_INCLUDE_IN_FRAMEWORK_HEADER = YES;
				CLANG_WARN_RANGE_LOOP_ANALYSIS = YES;
				CLANG_WARN_STRICT_PROTOTYPES = YES;
				CLANG_WARN_SUSPICIOUS_MOVE = YES;
				CLANG_WARN_UNGUARDED_AVAILABILITY = YES_AGGRESSIVE;
				CLANG_WARN_UNREACHABLE_CODE = YES;
				CLANG_WARN__DUPLICATE_METHOD_MATCH = YES;
				COPY_PHASE_STRIP = NO;
				DEBUG_INFORMATION_FORMAT = "dwarf-with-dsym";
				ENABLE_NS_ASSERTIONS = NO;
				ENABLE_STRICT_OBJC_MSGSEND = YES;
				ENABLE_USER_SCRIPT_SANDBOXING = YES;
				GCC_C_LANGUAGE_STANDARD = gnu17;
				GCC_NO_COMMON_BLOCKS = YES;
				GCC_WARN_64_TO_32_BIT_CONVERSION = YES;
				GCC_WARN_ABOUT_RETURN_TYPE = YES_ERROR;
				GCC_WARN_UNDECLARED_SELECTOR = YES;
				GCC_WARN_UNINITIALIZED_AUTOS = YES_AGGRESSIVE;
				GCC_WARN_UNUSED_FUNCTION = YES;
				GCC_WARN_UNUSED_VARIABLE = YES;
				IPHONEOS_DEPLOYMENT_TARGET = 17.2;
				LOCALIZATION_PREFERS_STRING_CATALOGS = YES;
				MTL_ENABLE_DEBUG_INFO = NO;
				MTL_FAST_MATH = YES;
				SDKROOT = iphoneos;
				SWIFT_COMPILATION_MODE = wholemodule;
				VALIDATE_PRODUCT = YES;
			};
			name = Release;
		};
		BB0EB4862BA5AE67008279C4 /* Debug */ = {
			isa = XCBuildConfiguration;
			buildSettings = {
				ASSETCATALOG_COMPILER_APPICON_NAME = AppIcon;
				ASSETCATALOG_COMPILER_GLOBAL_ACCENT_COLOR_NAME = AccentColor;
				CODE_SIGN_STYLE = Automatic;
				CURRENT_PROJECT_VERSION = 1;
				DEVELOPMENT_ASSET_PATHS = "\"Tranquility/Preview Content\"";
				DEVELOPMENT_TEAM = 8YVVMKPFY8;
				ENABLE_PREVIEWS = YES;
				GENERATE_INFOPLIST_FILE = YES;
				INFOPLIST_KEY_CFBundleDisplayName = Tranquility;
				INFOPLIST_KEY_LSApplicationCategoryType = "public.app-category.finance";
				INFOPLIST_KEY_UIApplicationSceneManifest_Generation = YES;
				INFOPLIST_KEY_UIApplicationSupportsIndirectInputEvents = YES;
				INFOPLIST_KEY_UILaunchScreen_Generation = YES;
				INFOPLIST_KEY_UIStatusBarStyle = "";
				INFOPLIST_KEY_UISupportedInterfaceOrientations = UIInterfaceOrientationPortrait;
				LD_RUNPATH_SEARCH_PATHS = (
					"$(inherited)",
					"@executable_path/Frameworks",
				);
				MARKETING_VERSION = 1.0;
				PRODUCT_BUNDLE_IDENTIFIER = com.bruno.kawka.tranquilityapp;
				PRODUCT_NAME = "$(TARGET_NAME)";
				SUPPORTED_PLATFORMS = "iphoneos iphonesimulator";
				SUPPORTS_MACCATALYST = NO;
				SUPPORTS_MAC_DESIGNED_FOR_IPHONE_IPAD = NO;
				SUPPORTS_XR_DESIGNED_FOR_IPHONE_IPAD = NO;
				SWIFT_EMIT_LOC_STRINGS = YES;
				SWIFT_VERSION = 5.0;
				TARGETED_DEVICE_FAMILY = "1,2";
			};
			name = Debug;
		};
		BB0EB4872BA5AE67008279C4 /* Release */ = {
			isa = XCBuildConfiguration;
			buildSettings = {
				ASSETCATALOG_COMPILER_APPICON_NAME = AppIcon;
				ASSETCATALOG_COMPILER_GLOBAL_ACCENT_COLOR_NAME = AccentColor;
				CODE_SIGN_STYLE = Automatic;
				CURRENT_PROJECT_VERSION = 1;
				DEVELOPMENT_ASSET_PATHS = "\"Tranquility/Preview Content\"";
				DEVELOPMENT_TEAM = 8YVVMKPFY8;
				ENABLE_PREVIEWS = YES;
				GENERATE_INFOPLIST_FILE = YES;
				INFOPLIST_KEY_CFBundleDisplayName = Tranquility;
				INFOPLIST_KEY_LSApplicationCategoryType = "public.app-category.finance";
				INFOPLIST_KEY_UIApplicationSceneManifest_Generation = YES;
				INFOPLIST_KEY_UIApplicationSupportsIndirectInputEvents = YES;
				INFOPLIST_KEY_UILaunchScreen_Generation = YES;
				INFOPLIST_KEY_UIStatusBarStyle = "";
				INFOPLIST_KEY_UISupportedInterfaceOrientations = UIInterfaceOrientationPortrait;
				LD_RUNPATH_SEARCH_PATHS = (
					"$(inherited)",
					"@executable_path/Frameworks",
				);
				MARKETING_VERSION = 1.0;
				PRODUCT_BUNDLE_IDENTIFIER = com.bruno.kawka.tranquilityapp;
				PRODUCT_NAME = "$(TARGET_NAME)";
				SUPPORTED_PLATFORMS = "iphoneos iphonesimulator";
				SUPPORTS_MACCATALYST = NO;
				SUPPORTS_MAC_DESIGNED_FOR_IPHONE_IPAD = NO;
				SUPPORTS_XR_DESIGNED_FOR_IPHONE_IPAD = NO;
				SWIFT_EMIT_LOC_STRINGS = YES;
				SWIFT_VERSION = 5.0;
				TARGETED_DEVICE_FAMILY = "1,2";
			};
			name = Release;
		};
		BB0EB4892BA5AE67008279C4 /* Debug */ = {
			isa = XCBuildConfiguration;
			buildSettings = {
				ALWAYS_EMBED_SWIFT_STANDARD_LIBRARIES = YES;
				BUNDLE_LOADER = "$(TEST_HOST)";
				CODE_SIGN_STYLE = Automatic;
				CURRENT_PROJECT_VERSION = 1;
				DEVELOPMENT_TEAM = 8YVVMKPFY8;
				GENERATE_INFOPLIST_FILE = YES;
				IPHONEOS_DEPLOYMENT_TARGET = 17.2;
				MARKETING_VERSION = 1.0;
				PRODUCT_BUNDLE_IDENTIFIER = com.bruno.kawka.TranquilityTests;
				PRODUCT_NAME = "$(TARGET_NAME)";
				SWIFT_EMIT_LOC_STRINGS = NO;
				SWIFT_VERSION = 5.0;
				TARGETED_DEVICE_FAMILY = "1,2";
				TEST_HOST = "$(BUILT_PRODUCTS_DIR)/Tranquility.app/$(BUNDLE_EXECUTABLE_FOLDER_PATH)/Tranquility";
			};
			name = Debug;
		};
		BB0EB48A2BA5AE67008279C4 /* Release */ = {
			isa = XCBuildConfiguration;
			buildSettings = {
				ALWAYS_EMBED_SWIFT_STANDARD_LIBRARIES = YES;
				BUNDLE_LOADER = "$(TEST_HOST)";
				CODE_SIGN_STYLE = Automatic;
				CURRENT_PROJECT_VERSION = 1;
				DEVELOPMENT_TEAM = 8YVVMKPFY8;
				GENERATE_INFOPLIST_FILE = YES;
				IPHONEOS_DEPLOYMENT_TARGET = 17.2;
				MARKETING_VERSION = 1.0;
				PRODUCT_BUNDLE_IDENTIFIER = com.bruno.kawka.TranquilityTests;
				PRODUCT_NAME = "$(TARGET_NAME)";
				SWIFT_EMIT_LOC_STRINGS = NO;
				SWIFT_VERSION = 5.0;
				TARGETED_DEVICE_FAMILY = "1,2";
				TEST_HOST = "$(BUILT_PRODUCTS_DIR)/Tranquility.app/$(BUNDLE_EXECUTABLE_FOLDER_PATH)/Tranquility";
			};
			name = Release;
		};
		BB0EB48C2BA5AE67008279C4 /* Debug */ = {
			isa = XCBuildConfiguration;
			buildSettings = {
				ALWAYS_EMBED_SWIFT_STANDARD_LIBRARIES = YES;
				CODE_SIGN_STYLE = Automatic;
				CURRENT_PROJECT_VERSION = 1;
				DEVELOPMENT_TEAM = 8YVVMKPFY8;
				GENERATE_INFOPLIST_FILE = YES;
				MARKETING_VERSION = 1.0;
				PRODUCT_BUNDLE_IDENTIFIER = com.bruno.kawka.TranquilityUITests;
				PRODUCT_NAME = "$(TARGET_NAME)";
				SWIFT_EMIT_LOC_STRINGS = NO;
				SWIFT_VERSION = 5.0;
				TARGETED_DEVICE_FAMILY = "1,2";
				TEST_TARGET_NAME = Tranquility;
			};
			name = Debug;
		};
		BB0EB48D2BA5AE67008279C4 /* Release */ = {
			isa = XCBuildConfiguration;
			buildSettings = {
				ALWAYS_EMBED_SWIFT_STANDARD_LIBRARIES = YES;
				CODE_SIGN_STYLE = Automatic;
				CURRENT_PROJECT_VERSION = 1;
				DEVELOPMENT_TEAM = 8YVVMKPFY8;
				GENERATE_INFOPLIST_FILE = YES;
				MARKETING_VERSION = 1.0;
				PRODUCT_BUNDLE_IDENTIFIER = com.bruno.kawka.TranquilityUITests;
				PRODUCT_NAME = "$(TARGET_NAME)";
				SWIFT_EMIT_LOC_STRINGS = NO;
				SWIFT_VERSION = 5.0;
				TARGETED_DEVICE_FAMILY = "1,2";
				TEST_TARGET_NAME = Tranquility;
			};
			name = Release;
		};
/* End XCBuildConfiguration section */

/* Begin XCConfigurationList section */
		BB0EB45C2BA5AE66008279C4 /* Build configuration list for PBXProject "Tranquility" */ = {
			isa = XCConfigurationList;
			buildConfigurations = (
				BB0EB4832BA5AE67008279C4 /* Debug */,
				BB0EB4842BA5AE67008279C4 /* Release */,
			);
			defaultConfigurationIsVisible = 0;
			defaultConfigurationName = Release;
		};
		BB0EB4852BA5AE67008279C4 /* Build configuration list for PBXNativeTarget "Tranquility" */ = {
			isa = XCConfigurationList;
			buildConfigurations = (
				BB0EB4862BA5AE67008279C4 /* Debug */,
				BB0EB4872BA5AE67008279C4 /* Release */,
			);
			defaultConfigurationIsVisible = 0;
			defaultConfigurationName = Release;
		};
		BB0EB4882BA5AE67008279C4 /* Build configuration list for PBXNativeTarget "TranquilityTests" */ = {
			isa = XCConfigurationList;
			buildConfigurations = (
				BB0EB4892BA5AE67008279C4 /* Debug */,
				BB0EB48A2BA5AE67008279C4 /* Release */,
			);
			defaultConfigurationIsVisible = 0;
			defaultConfigurationName = Release;
		};
		BB0EB48B2BA5AE67008279C4 /* Build configuration list for PBXNativeTarget "TranquilityUITests" */ = {
			isa = XCConfigurationList;
			buildConfigurations = (
				BB0EB48C2BA5AE67008279C4 /* Debug */,
				BB0EB48D2BA5AE67008279C4 /* Release */,
			);
			defaultConfigurationIsVisible = 0;
			defaultConfigurationName = Release;
		};
/* End XCConfigurationList section */

/* Begin XCRemoteSwiftPackageReference section */
		BB6AA3602BA7035D007BDEED /* XCRemoteSwiftPackageReference "firebase-ios-sdk" */ = {
			isa = XCRemoteSwiftPackageReference;
			repositoryURL = "https://github.com/firebase/firebase-ios-sdk";
			requirement = {
				kind = upToNextMajorVersion;
				minimumVersion = 10.22.1;
			};
		};
/* End XCRemoteSwiftPackageReference section */

/* Begin XCSwiftPackageProductDependency section */
		BB6AA3612BA7035D007BDEED /* FirebaseAnalytics */ = {
			isa = XCSwiftPackageProductDependency;
			package = BB6AA3602BA7035D007BDEED /* XCRemoteSwiftPackageReference "firebase-ios-sdk" */;
			productName = FirebaseAnalytics;
		};
		BB6AA3632BA7035D007BDEED /* FirebaseAnalyticsSwift */ = {
			isa = XCSwiftPackageProductDependency;
			package = BB6AA3602BA7035D007BDEED /* XCRemoteSwiftPackageReference "firebase-ios-sdk" */;
			productName = FirebaseAnalyticsSwift;
		};
		BB6AA3652BA7035D007BDEED /* FirebaseAppCheck */ = {
			isa = XCSwiftPackageProductDependency;
			package = BB6AA3602BA7035D007BDEED /* XCRemoteSwiftPackageReference "firebase-ios-sdk" */;
			productName = FirebaseAppCheck;
		};
		BB6AA3672BA7035D007BDEED /* FirebaseAuth */ = {
			isa = XCSwiftPackageProductDependency;
			package = BB6AA3602BA7035D007BDEED /* XCRemoteSwiftPackageReference "firebase-ios-sdk" */;
			productName = FirebaseAuth;
		};
		BB6AA3692BA7035D007BDEED /* FirebaseDatabase */ = {
			isa = XCSwiftPackageProductDependency;
			package = BB6AA3602BA7035D007BDEED /* XCRemoteSwiftPackageReference "firebase-ios-sdk" */;
			productName = FirebaseDatabase;
		};
		BB6AA36B2BA7035D007BDEED /* FirebaseDatabaseSwift */ = {
			isa = XCSwiftPackageProductDependency;
			package = BB6AA3602BA7035D007BDEED /* XCRemoteSwiftPackageReference "firebase-ios-sdk" */;
			productName = FirebaseDatabaseSwift;
		};
/* End XCSwiftPackageProductDependency section */
	};
	rootObject = BB0EB4592BA5AE66008279C4 /* Project object */;
}
